https://github.com/korlibs/korge-dragonbones.git/korge-dragonbones#0.0.4 ::: 84735fb83df956e2532eb32deac7e85c4679be74:000a02f6040ef1f7070102fcfc08f0fefaf9f602f3f9f3fcf8fb04f60e05f60f
https://github.com/korlibs/korge-dragonbones.git/korge-dragonbones#v0.0.6 ::: e82e3f49753f6231532c44d9b5cfda03660098a0:0cfc0cf0070904f20e0603f10c0e090105ff0a0f0c03fa0d000a0a090ff507f6
https://github.com/korlibs/korge-dragonbones.git/korge-dragonbones#v1.0.0 ::: 11f0026a44d96e476949465aadbc6848d3fbb764:fa0608f303f40df7040ff7fd0ff605f00105f9f7fe090e0e080efd0700f500f7
